// !$*UTF8*$!
{
	archiveVersion = 1;
	classes = {
	};
	objectVersion = 77;
	objects = {

/* Begin PBXBuildFile section */
		D0000000000000000000008A /* DinnerOSLiveActivities.appex in Embed Foundation Extensions */ = {isa = PBXBuildFile; fileRef = D00000000000000000000070 /* DinnerOSLiveActivities.appex */; settings = {ATTRIBUTES = (RemoveHeadersOnCopy, ); }; };
/* End PBXBuildFile section */

/* Begin PBXContainerItemProxy section */
		D00000000000000000000060 /* PBXContainerItemProxy */ = {
			isa = PBXContainerItemProxy;
			containerPortal = D00000000000000000000001 /* Project object */;
			proxyType = 1;
			remoteGlobalIDString = D00000000000000000000010;
			remoteInfo = DinnerOS;
		};
		D00000000000000000000087 /* PBXContainerItemProxy */ = {
			isa = PBXContainerItemProxy;
			containerPortal = D00000000000000000000001 /* Project object */;
			proxyType = 1;
			remoteGlobalIDString = D00000000000000000000080;
			remoteInfo = DinnerOSLiveActivities;
		};
/* End PBXContainerItemProxy section */

/* Begin PBXCopyFilesBuildPhase section */
		D00000000000000000000089 /* Embed Foundation Extensions */ = {
			isa = PBXCopyFilesBuildPhase;
			buildActionMask = 2147483647;
			dstPath = "";
			dstSubfolderSpec = 13;
			files = (
				D0000000000000000000008A /* DinnerOSLiveActivities.appex in Embed Foundation Extensions */,
			);
			name = "Embed Foundation Extensions";
			runOnlyForDeploymentPostprocessing = 0;
		};
/* End PBXCopyFilesBuildPhase section */

/* Begin PBXFileReference section */
		D00000000000000000000004 /* DinnerOS.app */ = {isa = PBXFileReference; explicitFileType = wrapper.application; includeInIndex = 0; path = DinnerOS.app; sourceTree = BUILT_PRODUCTS_DIR; };
		D00000000000000000000005 /* DinnerOSTests.xctest */ = {isa = PBXFileReference; explicitFileType = wrapper.cfbundle; includeInIndex = 0; path = DinnerOSTests.xctest; sourceTree = BUILT_PRODUCTS_DIR; };
		D00000000000000000000009 /* Shared.xcconfig */ = {isa = PBXFileReference; lastKnownFileType = text.xcconfig; path = Shared.xcconfig; sourceTree = "<group>"; };
		D0000000000000000000000A /* Debug.xcconfig */ = {isa = PBXFileReference; lastKnownFileType = text.xcconfig; path = Debug.xcconfig; sourceTree = "<group>"; };
		D0000000000000000000000B /* Release.xcconfig */ = {isa = PBXFileReference; lastKnownFileType = text.xcconfig; path = Release.xcconfig; sourceTree = "<group>"; };
		D0000000000000000000000C /* Info.plist */ = {isa = PBXFileReference; lastKnownFileType = text.plist.xml; path = Info.plist; sourceTree = "<group>"; };
		D0000000000000000000000D /* DinnerOS.entitlements */ = {isa = PBXFileReference; lastKnownFileType = text.plist.entitlements; path = DinnerOS.entitlements; sourceTree = "<group>"; };
		D00000000000000000000070 /* DinnerOSLiveActivities.appex */ = {isa = PBXFileReference; explicitFileType = "wrapper.app-extension"; includeInIndex = 0; path = DinnerOSLiveActivities.appex; sourceTree = BUILT_PRODUCTS_DIR; };
		D00000000000000000000073 /* LiveActivities-Info.plist */ = {isa = PBXFileReference; lastKnownFileType = text.plist.xml; path = "LiveActivities-Info.plist"; sourceTree = "<group>"; };
/* End PBXFileReference section */

/* Begin PBXFileSystemSynchronizedRootGroup section */
		D00000000000000000000006 /* DinnerOS */ = {
			isa = PBXFileSystemSynchronizedRootGroup;
			path = DinnerOS;
			sourceTree = "<group>";
		};
		D00000000000000000000007 /* DinnerOSTests */ = {
			isa = PBXFileSystemSynchronizedRootGroup;
			path = DinnerOSTests;
			sourceTree = "<group>";
		};
		D00000000000000000000071 /* DinnerOSLiveActivities */ = {
			isa = PBXFileSystemSynchronizedRootGroup;
			path = DinnerOSLiveActivities;
			sourceTree = "<group>";
		};
		D00000000000000000000072 /* Shared */ = {
			isa = PBXFileSystemSynchronizedRootGroup;
			path = Shared;
			sourceTree = "<group>";
		};
/* End PBXFileSystemSynchronizedRootGroup section */

/* Begin PBXFrameworksBuildPhase section */
		D00000000000000000000012 /* Frameworks */ = {
			isa = PBXFrameworksBuildPhase;
			buildActionMask = 2147483647;
			files = (
			);
			runOnlyForDeploymentPostprocessing = 0;
		};
		D00000000000000000000022 /* Frameworks */ = {
			isa = PBXFrameworksBuildPhase;
			buildActionMask = 2147483647;
			files = (
			);
			runOnlyForDeploymentPostprocessing = 0;
		};
		D00000000000000000000082 /* Frameworks */ = {
			isa = PBXFrameworksBuildPhase;
			buildActionMask = 2147483647;
			files = (
			);
			runOnlyForDeploymentPostprocessing = 0;
		};
/* End PBXFrameworksBuildPhase section */

/* Begin PBXGroup section */
		D00000000000000000000002 = {
			isa = PBXGroup;
			children = (
				D00000000000000000000008 /* Config */,
				D00000000000000000000006 /* DinnerOS */,
				D00000000000000000000072 /* Shared */,
				D00000000000000000000071 /* DinnerOSLiveActivities */,
				D00000000000000000000007 /* DinnerOSTests */,
				D00000000000000000000003 /* Products */,
			);
			sourceTree = "<group>";
		};
		D00000000000000000000003 /* Products */ = {
			isa = PBXGroup;
			children = (
				D00000000000000000000004 /* DinnerOS.app */,
				D00000000000000000000005 /* DinnerOSTests.xctest */,
				D00000000000000000000070 /* DinnerOSLiveActivities.appex */,
			);
			name = Products;
			sourceTree = "<group>";
		};
		D00000000000000000000008 /* Config */ = {
			isa = PBXGroup;
			children = (
				D00000000000000000000009 /* Shared.xcconfig */,
				D0000000000000000000000A /* Debug.xcconfig */,
				D0000000000000000000000B /* Release.xcconfig */,
				D0000000000000000000000C /* Info.plist */,
				D0000000000000000000000D /* DinnerOS.entitlements */,
				D00000000000000000000073 /* LiveActivities-Info.plist */,
			);
			path = Config;
			sourceTree = "<group>";
		};
/* End PBXGroup section */

/* Begin PBXNativeTarget section */
		D00000000000000000000010 /* DinnerOS */ = {
			isa = PBXNativeTarget;
			buildConfigurationList = D00000000000000000000040 /* Build configuration list for PBXNativeTarget "DinnerOS" */;
			buildPhases = (
				D00000000000000000000011 /* Sources */,
				D00000000000000000000012 /* Frameworks */,
				D00000000000000000000013 /* Resources */,
				D00000000000000000000089 /* Embed Foundation Extensions */,
			);
			buildRules = (
			);
			dependencies = (
				D00000000000000000000088 /* PBXTargetDependency */,
			);
			fileSystemSynchronizedGroups = (
				D00000000000000000000006 /* DinnerOS */,
				D00000000000000000000072 /* Shared */,
			);
			name = DinnerOS;
			packageProductDependencies = (
			);
			productName = DinnerOS;
			productReference = D00000000000000000000004 /* DinnerOS.app */;
			productType = "com.apple.product-type.application";
		};
		D00000000000000000000020 /* DinnerOSTests */ = {
			isa = PBXNativeTarget;
			buildConfigurationList = D00000000000000000000050 /* Build configuration list for PBXNativeTarget "DinnerOSTests" */;
			buildPhases = (
				D00000000000000000000021 /* Sources */,
				D00000000000000000000022 /* Frameworks */,
				D00000000000000000000023 /* Resources */,
			);
			buildRules = (
			);
			dependencies = (
				D00000000000000000000024 /* PBXTargetDependency */,
			);
			fileSystemSynchronizedGroups = (
				D00000000000000000000007 /* DinnerOSTests */,
			);
			name = DinnerOSTests;
			packageProductDependencies = (
			);
			productName = DinnerOSTests;
			productReference = D00000000000000000000005 /* DinnerOSTests.xctest */;
			productType = "com.apple.product-type.bundle.unit-test";
		};
		D00000000000000000000080 /* DinnerOSLiveActivities */ = {
			isa = PBXNativeTarget;
			buildConfigurationList = D00000000000000000000084 /* Build configuration list for PBXNativeTarget "DinnerOSLiveActivities" */;
			buildPhases = (
				D00000000000000000000081 /* Sources */,
				D00000000000000000000082 /* Frameworks */,
				D00000000000000000000083 /* Resources */,
			);
			buildRules = (
			);
			dependencies = (
			);
			fileSystemSynchronizedGroups = (
				D00000000000000000000071 /* DinnerOSLiveActivities */,
				D00000000000000000000072 /* Shared */,
			);
			name = DinnerOSLiveActivities;
			packageProductDependencies = (
			);
			productName = DinnerOSLiveActivities;
			productReference = D00000000000000000000070 /* DinnerOSLiveActivities.appex */;
			productType = "com.apple.product-type.app-extension";
		};
/* End PBXNativeTarget section */

/* Begin PBXProject section */
		D00000000000000000000001 /* Project object */ = {
			isa = PBXProject;
			attributes = {
				BuildIndependentTargetsInParallel = 1;
				LastSwiftUpdateCheck = 2600;
				LastUpgradeCheck = 2600;
				TargetAttributes = {
					D00000000000000000000010 = {
						CreatedOnToolsVersion = 26.0;
					};
					D00000000000000000000020 = {
						CreatedOnToolsVersion = 26.0;
						TestTargetID = D00000000000000000000010;
					};
					D00000000000000000000080 = {
						CreatedOnToolsVersion = 26.0;
					};
				};
			};
			buildConfigurationList = D00000000000000000000030 /* Build configuration list for PBXProject "DinnerOS" */;
			developmentRegion = en;
			hasScannedForEncodings = 0;
			knownRegions = (
				en,
				Base,
			);
			mainGroup = D00000000000000000000002;
			minimizedProjectReferenceProxies = 1;
			preferredProjectObjectVersion = 77;
			productRefGroup = D00000000000000000000003 /* Products */;
			projectDirPath = "";
			projectRoot = "";
			targets = (
				D00000000000000000000010 /* DinnerOS */,
				D00000000000000000000020 /* DinnerOSTests */,
				D00000000000000000000080 /* DinnerOSLiveActivities */,
			);
		};
/* End PBXProject section */

/* Begin PBXResourcesBuildPhase section */
		D00000000000000000000013 /* Resources */ = {
			isa = PBXResourcesBuildPhase;
			buildActionMask = 2147483647;
			files = (
			);
			runOnlyForDeploymentPostprocessing = 0;
		};
		D00000000000000000000023 /* Resources */ = {
			isa = PBXResourcesBuildPhase;
			buildActionMask = 2147483647;
			files = (
			);
			runOnlyForDeploymentPostprocessing = 0;
		};
		D00000000000000000000083 /* Resources */ = {
			isa = PBXResourcesBuildPhase;
			buildActionMask = 2147483647;
			files = (
			);
			runOnlyForDeploymentPostprocessing = 0;
		};
/* End PBXResourcesBuildPhase section */

/* Begin PBXSourcesBuildPhase section */
		D00000000000000000000011 /* Sources */ = {
			isa = PBXSourcesBuildPhase;
			buildActionMask = 2147483647;
			files = (
			);
			runOnlyForDeploymentPostprocessing = 0;
		};
		D00000000000000000000021 /* Sources */ = {
			isa = PBXSourcesBuildPhase;
			buildActionMask = 2147483647;
			files = (
			);
			runOnlyForDeploymentPostprocessing = 0;
		};
		D00000000000000000000081 /* Sources */ = {
			isa = PBXSourcesBuildPhase;
			buildActionMask = 2147483647;
			files = (
			);
			runOnlyForDeploymentPostprocessing = 0;
		};
/* End PBXSourcesBuildPhase section */

/* Begin PBXTargetDependency section */
		D00000000000000000000024 /* PBXTargetDependency */ = {
			isa = PBXTargetDependency;
			target = D00000000000000000000010 /* DinnerOS */;
			targetProxy = D00000000000000000000060 /* PBXContainerItemProxy */;
		};
		D00000000000000000000088 /* PBXTargetDependency */ = {
			isa = PBXTargetDependency;
			target = D00000000000000000000080 /* DinnerOSLiveActivities */;
			targetProxy = D00000000000000000000087 /* PBXContainerItemProxy */;
		};
/* End PBXTargetDependency section */

/* Begin XCBuildConfiguration section */
		D00000000000000000000031 /* Debug */ = {
			isa = XCBuildConfiguration;
			baseConfigurationReference = D0000000000000000000000A /* Debug.xcconfig */;
			buildSettings = {
			};
			name = Debug;
		};
		D00000000000000000000032 /* Release */ = {
			isa = XCBuildConfiguration;
			baseConfigurationReference = D0000000000000000000000B /* Release.xcconfig */;
			buildSettings = {
			};
			name = Release;
		};
		D00000000000000000000041 /* Debug */ = {
			isa = XCBuildConfiguration;
			buildSettings = {
				ASSETCATALOG_COMPILER_APPICON_NAME = AppIcon;
				ASSETCATALOG_COMPILER_GLOBAL_ACCENT_COLOR_NAME = AccentColor;
				CODE_SIGN_ENTITLEMENTS = Config/DinnerOS.entitlements;
				CODE_SIGN_STYLE = Automatic;
				ENABLE_PREVIEWS = YES;
				GENERATE_INFOPLIST_FILE = YES;
				INFOPLIST_FILE = Config/Info.plist;
				INFOPLIST_KEY_CFBundleDisplayName = "$(APP_DISPLAY_NAME)";
				INFOPLIST_KEY_ITSAppUsesNonExemptEncryption = NO;
				INFOPLIST_KEY_LSApplicationCategoryType = "public.app-category.food-and-drink";
				INFOPLIST_KEY_UIApplicationSceneManifest_Generation = YES;
				INFOPLIST_KEY_UIApplicationSupportsIndirectInputEvents = YES;
				INFOPLIST_KEY_UILaunchScreen_Generation = YES;
				INFOPLIST_KEY_UISupportedInterfaceOrientations = UIInterfaceOrientationPortrait;
				LD_RUNPATH_SEARCH_PATHS = (
					"$(inherited)",
					"@executable_path/Frameworks",
				);
				PRODUCT_BUNDLE_IDENTIFIER = "$(APP_BUNDLE_ID_BASE)";
				PRODUCT_NAME = "$(TARGET_NAME)";
				PROVISIONING_PROFILE_SPECIFIER = "$(APP_PROFILE_SPECIFIER)";
				SWIFT_APPROACHABLE_CONCURRENCY = YES;
				SWIFT_DEFAULT_ACTOR_ISOLATION = MainActor;
				SWIFT_EMIT_LOC_STRINGS = YES;
				TARGETED_DEVICE_FAMILY = 1;
			};
			name = Debug;
		};
		D00000000000000000000042 /* Release */ = {
			isa = XCBuildConfiguration;
			buildSettings = {
				ASSETCATALOG_COMPILER_APPICON_NAME = AppIcon;
				ASSETCATALOG_COMPILER_GLOBAL_ACCENT_COLOR_NAME = AccentColor;
				CODE_SIGN_ENTITLEMENTS = Config/DinnerOS.entitlements;
				CODE_SIGN_STYLE = Automatic;
				ENABLE_PREVIEWS = YES;
				GENERATE_INFOPLIST_FILE = YES;
				INFOPLIST_FILE = Config/Info.plist;
				INFOPLIST_KEY_CFBundleDisplayName = "$(APP_DISPLAY_NAME)";
				INFOPLIST_KEY_ITSAppUsesNonExemptEncryption = NO;
				INFOPLIST_KEY_LSApplicationCategoryType = "public.app-category.food-and-drink";
				INFOPLIST_KEY_UIApplicationSceneManifest_Generation = YES;
				INFOPLIST_KEY_UIApplicationSupportsIndirectInputEvents = YES;
				INFOPLIST_KEY_UILaunchScreen_Generation = YES;
				INFOPLIST_KEY_UISupportedInterfaceOrientations = UIInterfaceOrientationPortrait;
				LD_RUNPATH_SEARCH_PATHS = (
					"$(inherited)",
					"@executable_path/Frameworks",
				);
				PRODUCT_BUNDLE_IDENTIFIER = "$(APP_BUNDLE_ID_BASE)";
				PRODUCT_NAME = "$(TARGET_NAME)";
				PROVISIONING_PROFILE_SPECIFIER = "$(APP_PROFILE_SPECIFIER)";
				SWIFT_APPROACHABLE_CONCURRENCY = YES;
				SWIFT_DEFAULT_ACTOR_ISOLATION = MainActor;
				SWIFT_EMIT_LOC_STRINGS = YES;
				TARGETED_DEVICE_FAMILY = 1;
			};
			name = Release;
		};
		D00000000000000000000051 /* Debug */ = {
			isa = XCBuildConfiguration;
			buildSettings = {
				BUNDLE_LOADER = "$(TEST_HOST)";
				CODE_SIGN_STYLE = Automatic;
				GENERATE_INFOPLIST_FILE = YES;
				PRODUCT_BUNDLE_IDENTIFIER = "$(APP_BUNDLE_ID_BASE).tests";
				PRODUCT_NAME = "$(TARGET_NAME)";
				SWIFT_APPROACHABLE_CONCURRENCY = YES;
				SWIFT_DEFAULT_ACTOR_ISOLATION = MainActor;
				SWIFT_EMIT_LOC_STRINGS = NO;
				TARGETED_DEVICE_FAMILY = 1;
				TEST_HOST = "$(BUILT_PRODUCTS_DIR)/DinnerOS.app/$(BUNDLE_EXECUTABLE_FOLDER_PATH)/DinnerOS";
			};
			name = Debug;
		};
		D00000000000000000000052 /* Release */ = {
			isa = XCBuildConfiguration;
			buildSettings = {
				BUNDLE_LOADER = "$(TEST_HOST)";
				CODE_SIGN_STYLE = Automatic;
				GENERATE_INFOPLIST_FILE = YES;
				PRODUCT_BUNDLE_IDENTIFIER = "$(APP_BUNDLE_ID_BASE).tests";
				PRODUCT_NAME = "$(TARGET_NAME)";
				SWIFT_APPROACHABLE_CONCURRENCY = YES;
				SWIFT_DEFAULT_ACTOR_ISOLATION = MainActor;
				SWIFT_EMIT_LOC_STRINGS = NO;
				TARGETED_DEVICE_FAMILY = 1;
				TEST_HOST = "$(BUILT_PRODUCTS_DIR)/DinnerOS.app/$(BUNDLE_EXECUTABLE_FOLDER_PATH)/DinnerOS";
			};
			name = Release;
		};
		D00000000000000000000085 /* Debug */ = {
			isa = XCBuildConfiguration;
			buildSettings = {
				APPLICATION_EXTENSION_API_ONLY = YES;
				ASSETCATALOG_COMPILER_GLOBAL_ACCENT_COLOR_NAME = AccentColor;
				CODE_SIGN_STYLE = Automatic;
				GENERATE_INFOPLIST_FILE = YES;
				INFOPLIST_FILE = "Config/LiveActivities-Info.plist";
				INFOPLIST_KEY_CFBundleDisplayName = "$(APP_DISPLAY_NAME)";
				LD_RUNPATH_SEARCH_PATHS = (
					"$(inherited)",
					"@executable_path/Frameworks",
					"@executable_path/../../Frameworks",
				);
				PRODUCT_BUNDLE_IDENTIFIER = "$(LIVE_ACTIVITIES_BUNDLE_ID)";
				PRODUCT_NAME = "$(TARGET_NAME)";
				PROVISIONING_PROFILE_SPECIFIER = "$(LIVE_ACTIVITIES_PROFILE_SPECIFIER)";
				SKIP_INSTALL = YES;
				SWIFT_APPROACHABLE_CONCURRENCY = YES;
				SWIFT_EMIT_LOC_STRINGS = YES;
				TARGETED_DEVICE_FAMILY = 1;
			};
			name = Debug;
		};
		D00000000000000000000086 /* Release */ = {
			isa = XCBuildConfiguration;
			buildSettings = {
				APPLICATION_EXTENSION_API_ONLY = YES;
				ASSETCATALOG_COMPILER_GLOBAL_ACCENT_COLOR_NAME = AccentColor;
				CODE_SIGN_STYLE = Automatic;
				GENERATE_INFOPLIST_FILE = YES;
				INFOPLIST_FILE = "Config/LiveActivities-Info.plist";
				INFOPLIST_KEY_CFBundleDisplayName = "$(APP_DISPLAY_NAME)";
				LD_RUNPATH_SEARCH_PATHS = (
					"$(inherited)",
					"@executable_path/Frameworks",
					"@executable_path/../../Frameworks",
				);
				PRODUCT_BUNDLE_IDENTIFIER = "$(LIVE_ACTIVITIES_BUNDLE_ID)";
				PRODUCT_NAME = "$(TARGET_NAME)";
				PROVISIONING_PROFILE_SPECIFIER = "$(LIVE_ACTIVITIES_PROFILE_SPECIFIER)";
				SKIP_INSTALL = YES;
				SWIFT_APPROACHABLE_CONCURRENCY = YES;
				SWIFT_EMIT_LOC_STRINGS = YES;
				TARGETED_DEVICE_FAMILY = 1;
			};
			name = Release;
		};
/* End XCBuildConfiguration section */

/* Begin XCConfigurationList section */
		D00000000000000000000030 /* Build configuration list for PBXProject "DinnerOS" */ = {
			isa = XCConfigurationList;
			buildConfigurations = (
				D00000000000000000000031 /* Debug */,
				D00000000000000000000032 /* Release */,
			);
			defaultConfigurationIsVisible = 0;
			defaultConfigurationName = Release;
		};
		D00000000000000000000040 /* Build configuration list for PBXNativeTarget "DinnerOS" */ = {
			isa = XCConfigurationList;
			buildConfigurations = (
				D00000000000000000000041 /* Debug */,
				D00000000000000000000042 /* Release */,
			);
			defaultConfigurationIsVisible = 0;
			defaultConfigurationName = Release;
		};
		D00000000000000000000050 /* Build configuration list for PBXNativeTarget "DinnerOSTests" */ = {
			isa = XCConfigurationList;
			buildConfigurations = (
				D00000000000000000000051 /* Debug */,
				D00000000000000000000052 /* Release */,
			);
			defaultConfigurationIsVisible = 0;
			defaultConfigurationName = Release;
		};
		D00000000000000000000084 /* Build configuration list for PBXNativeTarget "DinnerOSLiveActivities" */ = {
			isa = XCConfigurationList;
			buildConfigurations = (
				D00000000000000000000085 /* Debug */,
				D00000000000000000000086 /* Release */,
			);
			defaultConfigurationIsVisible = 0;
			defaultConfigurationName = Release;
		};
/* End XCConfigurationList section */
	};
	rootObject = D00000000000000000000001 /* Project object */;
}
